
Microsoft Visual Studio Solution File, Format Version 12.00
# Visual Studio 2017
Project("{FAE04EC0-301F-11D3-BF4B-00C04F79EFBC}") = "Discrete Simulation Engine Fundamentals", "Discrete Simulation Engine Fundamentals.csproj", "{B0EF569B-9460-F00F-3B00-A45D7577B511}"
EndProject
Global
	GlobalSection(SolutionConfigurationPlatforms) = preSolution
		Debug|Any CPU = Debug|Any CPU
		Release|Any CPU = Release|Any CPU
	EndGlobalSection
	GlobalSection(ProjectConfigurationPlatforms) = postSolution
		{B0EF569B-9460-F00F-3B00-A45D7577B511}.Debug|Any CPU.ActiveCfg = Debug|Any CPU
		{B0EF569B-9460-F00F-3B00-A45D7577B511}.Debug|Any CPU.Build.0 = Debug|Any CPU
		{B0EF569B-9460-F00F-3B00-A45D7577B511}.Release|Any CPU.ActiveCfg = Release|Any CPU
		{B0EF569B-9460-F00F-3B00-A45D7577B511}.Release|Any CPU.Build.0 = Release|Any CPU
	EndGlobalSection
	GlobalSection(SolutionProperties) = preSolution
		HideSolutionNode = FALSE
	EndGlobalSection
EndGlobal
